
Microsoft Visual Studio Solution File, Format Version 12.00
# Visual Studio 2012
Project("{2150E333-8FDC-42A3-9474-1A3956D46DE8}") = "Solution Items", "Solution Items", "{287411BA-12C1-492A-AC13-D07712FA5078}"
	ProjectSection(SolutionItems) = preProject
		Sistema de Informação Altamira.vsmdi = Sistema de Informação Altamira.vsmdi
	EndProjectSection
EndProject
Project("{2150E333-8FDC-42A3-9474-1A3956D46DE8}") = ".nuget", ".nuget", "{126DAF95-2A20-4207-ABDB-59B9CA713CEA}"
	ProjectSection(SolutionItems) = preProject
		.nuget\NuGet.Config = .nuget\NuGet.Config
		.nuget\NuGet.exe = .nuget\NuGet.exe
		.nuget\NuGet.targets = .nuget\NuGet.targets
		.nuget\packages.config = .nuget\packages.config
	EndProjectSection
EndProject
Project("{FAE04EC0-301F-11D3-BF4B-00C04F79EFBC}") = "Boleto.Net", "BoletoNet\Boleto.Net\Boleto.Net\Boleto.Net.csproj", "{F173E80B-E36B-48AD-B483-A27F8CA86F3C}"
EndProject
Project("{FAE04EC0-301F-11D3-BF4B-00C04F79EFBC}") = "SA.Data.Models.Test", "SA.Data.Models.Test\SA.Data.Models.Test.csproj", "{87F6ED83-33FD-4BA7-A41D-4424AB63FE68}"
EndProject
Project("{FAE04EC0-301F-11D3-BF4B-00C04F79EFBC}") = "SA.Data", "SA.Data.Models\SA.Data.csproj", "{9876D225-E5FF-4985-93B2-A553E7B677ED}"
EndProject
Project("{FAE04EC0-301F-11D3-BF4B-00C04F79EFBC}") = "SA.Web.Application", "SA.Web.Application\SA.Web.Application.csproj", "{051C21BF-CD68-4C2D-B03F-5152B0EC95B6}"
EndProject
Project("{00D1A9C2-B5F0-4AF3-8072-F6C62B433612}") = "SA.SQL.Assembly", "SA.SQL.Assembly\SA.SQL.Assembly.sqlproj", "{19CFD393-E03F-4A16-8D12-8943198F6B8F}"
EndProject
Project("{00D1A9C2-B5F0-4AF3-8072-F6C62B433612}") = "SA.SQL.Database", "SA.SQL.Database\SA.SQL.Database.sqlproj", "{89B20193-2CE4-4E67-A675-3278747F6BD5}"
EndProject
Project("{FAE04EC0-301F-11D3-BF4B-00C04F79EFBC}") = "SA.WPF.Application", "SA.WPF.Application\SA.WPF.Application.csproj", "{E4A42E9E-36C4-4689-A8E1-DDC23B615F88}"
EndProject
Project("{FAE04EC0-301F-11D3-BF4B-00C04F79EFBC}") = "SA.WPF.BrowserApplication", "SA.WPF.BrowserApplication\SA.WPF.BrowserApplication.csproj", "{8305C06F-DDD3-4E5E-BB41-F45E4C84D0B9}"
EndProject
Project("{FAE04EC0-301F-11D3-BF4B-00C04F79EFBC}") = "SA.WPF.ControlLibrary", "SA.WPF.ControlLibrary\SA.WPF.ControlLibrary.csproj", "{F6942585-3CC8-4F77-B252-2C07154467B3}"
EndProject
Project("{FAE04EC0-301F-11D3-BF4B-00C04F79EFBC}") = "SA.WPF.CustomControlLibrary", "SA.WPF.CustomControlLibrary\SA.WPF.CustomControlLibrary.csproj", "{4C94BAD4-35CD-4444-B1A5-56FA4B1B2115}"
EndProject
Project("{00D1A9C2-B5F0-4AF3-8072-F6C62B433612}") = "SA.Data.Types", "SA.Data.Types\SA.Data.Types.sqlproj", "{D5444EB4-FEB9-4318-9900-2EB0E75E7BF4}"
EndProject
Project("{FAE04EC0-301F-11D3-BF4B-00C04F79EFBC}") = "SA.WPF.Financeiro", "SA.WPF.Financeiro\SA.WPF.Financeiro.csproj", "{16CCCC0F-D9F8-434B-BE4D-E44DEBCF36D1}"
EndProject
Project("{00D1A9C2-B5F0-4AF3-8072-F6C62B433612}") = "SA.SQL.GestaoApp.SQLAssembly", "SA.SQL.GestaoApp.SQLAssembly\SA.SQL.GestaoApp.SQLAssembly.sqlproj", "{F8E3E350-C94F-4EDE-BC86-5BB580284541}"
EndProject
Project("{00D1A9C2-B5F0-4AF3-8072-F6C62B433612}") = "SA.SQL.GestaoApp.SQLServer", "SA.SQL.GestaoApp.SQLServer\SA.SQL.GestaoApp.SQLServer.sqlproj", "{BB9932E5-2FBF-42DD-BE77-22F418214D79}"
EndProject
Project("{00D1A9C2-B5F0-4AF3-8072-F6C62B433612}") = "SA.SQL.GestaoApp.SQLDatabase", "SA.SQL.GestaoApp.SQLDatabase\SA.SQL.GestaoApp.SQLDatabase.sqlproj", "{4C0FC297-92F4-4573-9615-643574F602AC}"
EndProject
Project("{FAE04EC0-301F-11D3-BF4B-00C04F79EFBC}") = "SA.Web.GestaoApp.Site", "SA.Web.GestaoApp.Site\SA.Web.GestaoApp.Site.csproj", "{628E4BB0-B229-4AF0-9FBF-0CC28D90C51A}"
EndProject
Project("{FAE04EC0-301F-11D3-BF4B-00C04F79EFBC}") = "SA.Web.GestaoApp", "SA.Web.GestaoApp\SA.Web.GestaoApp.csproj", "{D7B89582-7621-4CD9-832F-2AB40C27FDF2}"
EndProject
Project("{00D1A9C2-B5F0-4AF3-8072-F6C62B433612}") = "WBCCAD.Database", "WBCCAD.Database\WBCCAD.Database.sqlproj", "{4EFB2A69-7B60-43DF-AC32-ED7AEE909D49}"
EndProject
Project("{00D1A9C2-B5F0-4AF3-8072-F6C62B433612}") = "GPIMAC.Database", "GPIMAC.Database\GPIMAC.Database.sqlproj", "{56D99971-B560-4CDB-A1BE-A661DEBC76AC}"
EndProject
Project("{00D1A9C2-B5F0-4AF3-8072-F6C62B433612}") = "DBALTAMIRA.Database", "DBALTAMIRA.Database\DBALTAMIRA.Database.sqlproj", "{6E3599EE-16A9-480C-B446-09D63F7ED601}"
EndProject
Project("{00D1A9C2-B5F0-4AF3-8072-F6C62B433612}") = "GPNFe.Database", "GPNFe.Database\GPNFe.Database.sqlproj", "{5F18505E-5732-4F5E-829B-026BEA0CB7DB}"
EndProject
Project("{00D1A9C2-B5F0-4AF3-8072-F6C62B433612}") = "EGISSQL.Database", "EGISSQL.Database\EGISSQL.Database.sqlproj", "{4755B835-F0FF-445B-97D6-6A6EA9DF31E2}"
EndProject
Project("{00D1A9C2-B5F0-4AF3-8072-F6C62B433612}") = "EGISADMIN.Database", "EGISADMIN.Database\EGISADMIN.Database.sqlproj", "{D5353131-6860-4E59-B4E3-928B82E51D6D}"
EndProject
Project("{00D1A9C2-B5F0-4AF3-8072-F6C62B433612}") = "DBTECNEQUIP.Database", "DBTECNEQUIP.Database\DBTECNEQUIP.Database.sqlproj", "{F50472BB-45D0-4AFF-A1E2-D905A25EAE00}"
EndProject
Project("{00D1A9C2-B5F0-4AF3-8072-F6C62B433612}") = "ALTANET.Database", "ALTANET.Database\ALTANET.Database.sqlproj", "{7C3BF798-D723-4A52-89FC-323C49747F4A}"
EndProject
Project("{2150E333-8FDC-42A3-9474-1A3956D46DE8}") = "Databases", "Databases", "{5759A86F-BB68-4834-8CF7-E9C3FFEEC35C}"
EndProject
Project("{2150E333-8FDC-42A3-9474-1A3956D46DE8}") = "Model", "Model", "{7992954D-D418-45E2-B87A-D77B59F6582D}"
EndProject
Project("{2150E333-8FDC-42A3-9474-1A3956D46DE8}") = "Services", "Services", "{64ADF17C-6CD7-4A50-B91C-8750A7A54A24}"
EndProject
Project("{FAE04EC0-301F-11D3-BF4B-00C04F79EFBC}") = "WBCCAD.Model", "WBCCAD.Model\WBCCAD.Model.csproj", "{FEA7E962-EFE0-4DB8-B758-9A059128615F}"
EndProject
Project("{FAE04EC0-301F-11D3-BF4B-00C04F79EFBC}") = "CONTMATIC.Model", "CONTMATIC.Model\CONTMATIC.Model.csproj", "{169D7AD6-AA7B-4617-B689-EF12FC476DBF}"
EndProject
Project("{00D1A9C2-B5F0-4AF3-8072-F6C62B433612}") = "SA.SQL.Nfe.Database", "SA.SQL.Nfe.Database\SA.SQL.Nfe.Database.sqlproj", "{916D5ABF-7BDC-45D0-92D9-7F1A66019129}"
EndProject
Global
	GlobalSection(TeamFoundationVersionControl) = preSolution
		SccNumberOfProjects = 29
		SccEnterpriseProvider = {4CA58AB2-18FA-4F8D-95D4-32DDF27D184C}
		SccTeamFoundationServer = https://altamira.visualstudio.com/defaultcollection
		SccLocalPath0 = .
		SccProjectUniqueName1 = ALTANET.Database\\ALTANET.Database.sqlproj
		SccProjectTopLevelParentUniqueName1 = Sistema\u0020de\u0020Informação\u0020Altamira.sln
		SccProjectName1 = ALTANET.Database
		SccLocalPath1 = ALTANET.Database
		SccProjectUniqueName2 = BoletoNet\\Boleto.Net\\Boleto.Net\\Boleto.Net.csproj
		SccProjectName2 = BoletoNet/Boleto.Net/Boleto.Net
		SccLocalPath2 = BoletoNet\\Boleto.Net\\Boleto.Net
		SccProjectUniqueName3 = CONTMATIC.Model\\CONTMATIC.Model.csproj
		SccProjectTopLevelParentUniqueName3 = Sistema\u0020de\u0020Informação\u0020Altamira.sln
		SccProjectName3 = CONTMATIC.Model
		SccLocalPath3 = CONTMATIC.Model
		SccProjectUniqueName4 = DBALTAMIRA.Database\\DBALTAMIRA.Database.sqlproj
		SccProjectTopLevelParentUniqueName4 = Sistema\u0020de\u0020Informação\u0020Altamira.sln
		SccProjectName4 = DBALTAMIRA.Database
		SccLocalPath4 = DBALTAMIRA.Database
		SccProjectUniqueName5 = DBTECNEQUIP.Database\\DBTECNEQUIP.Database.sqlproj
		SccProjectTopLevelParentUniqueName5 = Sistema\u0020de\u0020Informação\u0020Altamira.sln
		SccProjectName5 = DBTECNEQUIP.Database
		SccLocalPath5 = DBTECNEQUIP.Database
		SccProjectUniqueName6 = EGISADMIN.Database\\EGISADMIN.Database.sqlproj
		SccProjectTopLevelParentUniqueName6 = Sistema\u0020de\u0020Informação\u0020Altamira.sln
		SccProjectName6 = EGISADMIN.Database
		SccLocalPath6 = EGISADMIN.Database
		SccProjectUniqueName7 = EGISSQL.Database\\EGISSQL.Database.sqlproj
		SccProjectTopLevelParentUniqueName7 = Sistema\u0020de\u0020Informação\u0020Altamira.sln
		SccProjectName7 = EGISSQL.Database
		SccLocalPath7 = EGISSQL.Database
		SccProjectUniqueName8 = GPIMAC.Database\\GPIMAC.Database.sqlproj
		SccProjectTopLevelParentUniqueName8 = Sistema\u0020de\u0020Informação\u0020Altamira.sln
		SccProjectName8 = GPIMAC.Database
		SccLocalPath8 = GPIMAC.Database
		SccProjectUniqueName9 = GPNFe.Database\\GPNFe.Database.sqlproj
		SccProjectTopLevelParentUniqueName9 = Sistema\u0020de\u0020Informação\u0020Altamira.sln
		SccProjectName9 = GPNFe.Database
		SccLocalPath9 = GPNFe.Database
		SccProjectUniqueName10 = SA.Data.Models.Test\\SA.Data.Models.Test.csproj
		SccProjectTopLevelParentUniqueName10 = Sistema\u0020de\u0020Informação\u0020Altamira.sln
		SccProjectName10 = SA.Data.Models.Test
		SccLocalPath10 = SA.Data.Models.Test
		SccProjectUniqueName11 = SA.Data.Models\\SA.Data.csproj
		SccProjectTopLevelParentUniqueName11 = Sistema\u0020de\u0020Informação\u0020Altamira.sln
		SccProjectName11 = SA.Data.Models
		SccLocalPath11 = SA.Data.Models
		SccProjectUniqueName12 = SA.Data.Types\\SA.Data.Types.sqlproj
		SccProjectTopLevelParentUniqueName12 = Sistema\u0020de\u0020Informação\u0020Altamira.sln
		SccProjectName12 = SA.Data.Types
		SccLocalPath12 = SA.Data.Types
		SccProjectUniqueName13 = SA.SQL.Assembly\\SA.SQL.Assembly.sqlproj
		SccProjectTopLevelParentUniqueName13 = Sistema\u0020de\u0020Informação\u0020Altamira.sln
		SccProjectName13 = SA.SQL.Assembly
		SccLocalPath13 = SA.SQL.Assembly
		SccProjectUniqueName14 = SA.SQL.Database\\SA.SQL.Database.sqlproj
		SccProjectTopLevelParentUniqueName14 = Sistema\u0020de\u0020Informação\u0020Altamira.sln
		SccProjectName14 = SA.SQL.Database
		SccLocalPath14 = SA.SQL.Database
		SccProjectUniqueName15 = SA.SQL.GestaoApp.SQLAssembly\\SA.SQL.GestaoApp.SQLAssembly.sqlproj
		SccProjectTopLevelParentUniqueName15 = Sistema\u0020de\u0020Informação\u0020Altamira.sln
		SccProjectName15 = SA.SQL.GestaoApp.SQLAssembly
		SccLocalPath15 = SA.SQL.GestaoApp.SQLAssembly
		SccProjectUniqueName16 = SA.SQL.GestaoApp.SQLDatabase\\SA.SQL.GestaoApp.SQLDatabase.sqlproj
		SccProjectTopLevelParentUniqueName16 = Sistema\u0020de\u0020Informação\u0020Altamira.sln
		SccProjectName16 = SA.SQL.GestaoApp.SQLDatabase
		SccLocalPath16 = SA.SQL.GestaoApp.SQLDatabase
		SccProjectUniqueName17 = SA.SQL.GestaoApp.SQLServer\\SA.SQL.GestaoApp.SQLServer.sqlproj
		SccProjectTopLevelParentUniqueName17 = Sistema\u0020de\u0020Informação\u0020Altamira.sln
		SccProjectName17 = SA.SQL.GestaoApp.SQLServer
		SccLocalPath17 = SA.SQL.GestaoApp.SQLServer
		SccProjectUniqueName18 = SA.SQL.Nfe.Database\\SA.SQL.Nfe.Database.sqlproj
		SccProjectTopLevelParentUniqueName18 = Sistema\u0020de\u0020Informação\u0020Altamira.sln
		SccProjectName18 = SA.SQL.Nfe.Database
		SccLocalPath18 = SA.SQL.Nfe.Database
		SccProjectUniqueName19 = SA.Web.Application\\SA.Web.Application.csproj
		SccProjectName19 = SA.Web.Application
		SccLocalPath19 = SA.Web.Application
		SccProjectUniqueName20 = SA.Web.GestaoApp.Site\\SA.Web.GestaoApp.Site.csproj
		SccProjectName20 = SA.Web.GestaoApp.Site
		SccLocalPath20 = SA.Web.GestaoApp.Site
		SccProjectUniqueName21 = SA.Web.GestaoApp\\SA.Web.GestaoApp.csproj
		SccProjectName21 = SA.Web.GestaoApp
		SccLocalPath21 = SA.Web.GestaoApp
		SccProjectUniqueName22 = SA.WPF.Application\\SA.WPF.Application.csproj
		SccProjectName22 = SA.WPF.Application
		SccLocalPath22 = SA.WPF.Application
		SccProjectUniqueName23 = SA.WPF.BrowserApplication\\SA.WPF.BrowserApplication.csproj
		SccProjectName23 = SA.WPF.BrowserApplication
		SccLocalPath23 = SA.WPF.BrowserApplication
		SccProjectUniqueName24 = SA.WPF.ControlLibrary\\SA.WPF.ControlLibrary.csproj
		SccProjectName24 = SA.WPF.ControlLibrary
		SccLocalPath24 = SA.WPF.ControlLibrary
		SccProjectUniqueName25 = SA.WPF.CustomControlLibrary\\SA.WPF.CustomControlLibrary.csproj
		SccProjectName25 = SA.WPF.CustomControlLibrary
		SccLocalPath25 = SA.WPF.CustomControlLibrary
		SccProjectUniqueName26 = SA.WPF.Financeiro\\SA.WPF.Financeiro.csproj
		SccProjectName26 = SA.WPF.Financeiro
		SccLocalPath26 = SA.WPF.Financeiro
		SccProjectUniqueName27 = WBCCAD.Database\\WBCCAD.Database.sqlproj
		SccProjectTopLevelParentUniqueName27 = Sistema\u0020de\u0020Informação\u0020Altamira.sln
		SccProjectName27 = WBCCAD.Database
		SccLocalPath27 = WBCCAD.Database
		SccProjectUniqueName28 = WBCCAD.Model\\WBCCAD.Model.csproj
		SccProjectTopLevelParentUniqueName28 = Sistema\u0020de\u0020Informação\u0020Altamira.sln
		SccProjectName28 = WBCCAD.Model
		SccLocalPath28 = WBCCAD.Model
	EndGlobalSection
	GlobalSection(TestCaseManagementSettings) = postSolution
		CategoryFile = Sistema de Informação Altamira.vsmdi
	EndGlobalSection
	GlobalSection(SolutionConfigurationPlatforms) = preSolution
		Debug|Any CPU = Debug|Any CPU
		Debug|Mixed Platforms = Debug|Mixed Platforms
		Debug|x86 = Debug|x86
		Release|Any CPU = Release|Any CPU
		Release|Mixed Platforms = Release|Mixed Platforms
		Release|x86 = Release|x86
	EndGlobalSection
	GlobalSection(ProjectConfigurationPlatforms) = postSolution
		{F173E80B-E36B-48AD-B483-A27F8CA86F3C}.Debug|Any CPU.ActiveCfg = Debug|Any CPU
		{F173E80B-E36B-48AD-B483-A27F8CA86F3C}.Debug|Any CPU.Build.0 = Debug|Any CPU
		{F173E80B-E36B-48AD-B483-A27F8CA86F3C}.Debug|Mixed Platforms.ActiveCfg = Debug|Any CPU
		{F173E80B-E36B-48AD-B483-A27F8CA86F3C}.Debug|x86.ActiveCfg = Debug|Any CPU
		{F173E80B-E36B-48AD-B483-A27F8CA86F3C}.Release|Any CPU.ActiveCfg = Release|Any CPU
		{F173E80B-E36B-48AD-B483-A27F8CA86F3C}.Release|Any CPU.Build.0 = Release|Any CPU
		{F173E80B-E36B-48AD-B483-A27F8CA86F3C}.Release|Mixed Platforms.ActiveCfg = Release|Any CPU
		{F173E80B-E36B-48AD-B483-A27F8CA86F3C}.Release|x86.ActiveCfg = Release|Any CPU
		{87F6ED83-33FD-4BA7-A41D-4424AB63FE68}.Debug|Any CPU.ActiveCfg = Debug|Any CPU
		{87F6ED83-33FD-4BA7-A41D-4424AB63FE68}.Debug|Any CPU.Build.0 = Debug|Any CPU
		{87F6ED83-33FD-4BA7-A41D-4424AB63FE68}.Debug|Mixed Platforms.ActiveCfg = Debug|Any CPU
		{87F6ED83-33FD-4BA7-A41D-4424AB63FE68}.Debug|x86.ActiveCfg = Debug|Any CPU
		{87F6ED83-33FD-4BA7-A41D-4424AB63FE68}.Release|Any CPU.ActiveCfg = Release|Any CPU
		{87F6ED83-33FD-4BA7-A41D-4424AB63FE68}.Release|Any CPU.Build.0 = Release|Any CPU
		{87F6ED83-33FD-4BA7-A41D-4424AB63FE68}.Release|Mixed Platforms.ActiveCfg = Release|Any CPU
		{87F6ED83-33FD-4BA7-A41D-4424AB63FE68}.Release|x86.ActiveCfg = Release|Any CPU
		{9876D225-E5FF-4985-93B2-A553E7B677ED}.Debug|Any CPU.ActiveCfg = Debug|Any CPU
		{9876D225-E5FF-4985-93B2-A553E7B677ED}.Debug|Any CPU.Build.0 = Debug|Any CPU
		{9876D225-E5FF-4985-93B2-A553E7B677ED}.Debug|Mixed Platforms.ActiveCfg = Debug|Any CPU
		{9876D225-E5FF-4985-93B2-A553E7B677ED}.Debug|x86.ActiveCfg = Debug|Any CPU
		{9876D225-E5FF-4985-93B2-A553E7B677ED}.Release|Any CPU.ActiveCfg = Release|Any CPU
		{9876D225-E5FF-4985-93B2-A553E7B677ED}.Release|Any CPU.Build.0 = Release|Any CPU
		{9876D225-E5FF-4985-93B2-A553E7B677ED}.Release|Mixed Platforms.ActiveCfg = Release|Any CPU
		{9876D225-E5FF-4985-93B2-A553E7B677ED}.Release|x86.ActiveCfg = Release|Any CPU
		{051C21BF-CD68-4C2D-B03F-5152B0EC95B6}.Debug|Any CPU.ActiveCfg = Debug|Any CPU
		{051C21BF-CD68-4C2D-B03F-5152B0EC95B6}.Debug|Any CPU.Build.0 = Debug|Any CPU
		{051C21BF-CD68-4C2D-B03F-5152B0EC95B6}.Debug|Mixed Platforms.ActiveCfg = Debug|Any CPU
		{051C21BF-CD68-4C2D-B03F-5152B0EC95B6}.Debug|x86.ActiveCfg = Debug|Any CPU
		{051C21BF-CD68-4C2D-B03F-5152B0EC95B6}.Release|Any CPU.ActiveCfg = Release|Any CPU
		{051C21BF-CD68-4C2D-B03F-5152B0EC95B6}.Release|Any CPU.Build.0 = Release|Any CPU
		{051C21BF-CD68-4C2D-B03F-5152B0EC95B6}.Release|Mixed Platforms.ActiveCfg = Release|Any CPU
		{051C21BF-CD68-4C2D-B03F-5152B0EC95B6}.Release|x86.ActiveCfg = Release|Any CPU
		{19CFD393-E03F-4A16-8D12-8943198F6B8F}.Debug|Any CPU.ActiveCfg = Debug|Any CPU
		{19CFD393-E03F-4A16-8D12-8943198F6B8F}.Debug|Any CPU.Build.0 = Debug|Any CPU
		{19CFD393-E03F-4A16-8D12-8943198F6B8F}.Debug|Any CPU.Deploy.0 = Debug|Any CPU
		{19CFD393-E03F-4A16-8D12-8943198F6B8F}.Debug|Mixed Platforms.ActiveCfg = Debug|Any CPU
		{19CFD393-E03F-4A16-8D12-8943198F6B8F}.Debug|x86.ActiveCfg = Debug|Any CPU
		{19CFD393-E03F-4A16-8D12-8943198F6B8F}.Release|Any CPU.ActiveCfg = Release|Any CPU
		{19CFD393-E03F-4A16-8D12-8943198F6B8F}.Release|Any CPU.Build.0 = Release|Any CPU
		{19CFD393-E03F-4A16-8D12-8943198F6B8F}.Release|Any CPU.Deploy.0 = Release|Any CPU
		{19CFD393-E03F-4A16-8D12-8943198F6B8F}.Release|Mixed Platforms.ActiveCfg = Release|Any CPU
		{19CFD393-E03F-4A16-8D12-8943198F6B8F}.Release|x86.ActiveCfg = Release|Any CPU
		{89B20193-2CE4-4E67-A675-3278747F6BD5}.Debug|Any CPU.ActiveCfg = Debug|Any CPU
		{89B20193-2CE4-4E67-A675-3278747F6BD5}.Debug|Any CPU.Build.0 = Debug|Any CPU
		{89B20193-2CE4-4E67-A675-3278747F6BD5}.Debug|Any CPU.Deploy.0 = Debug|Any CPU
		{89B20193-2CE4-4E67-A675-3278747F6BD5}.Debug|Mixed Platforms.ActiveCfg = Debug|Any CPU
		{89B20193-2CE4-4E67-A675-3278747F6BD5}.Debug|x86.ActiveCfg = Debug|Any CPU
		{89B20193-2CE4-4E67-A675-3278747F6BD5}.Release|Any CPU.ActiveCfg = Release|Any CPU
		{89B20193-2CE4-4E67-A675-3278747F6BD5}.Release|Any CPU.Build.0 = Release|Any CPU
		{89B20193-2CE4-4E67-A675-3278747F6BD5}.Release|Any CPU.Deploy.0 = Release|Any CPU
		{89B20193-2CE4-4E67-A675-3278747F6BD5}.Release|Mixed Platforms.ActiveCfg = Release|Any CPU
		{89B20193-2CE4-4E67-A675-3278747F6BD5}.Release|x86.ActiveCfg = Release|Any CPU
		{E4A42E9E-36C4-4689-A8E1-DDC23B615F88}.Debug|Any CPU.ActiveCfg = Debug|x86
		{E4A42E9E-36C4-4689-A8E1-DDC23B615F88}.Debug|Mixed Platforms.ActiveCfg = Debug|x86
		{E4A42E9E-36C4-4689-A8E1-DDC23B615F88}.Debug|x86.ActiveCfg = Debug|x86
		{E4A42E9E-36C4-4689-A8E1-DDC23B615F88}.Debug|x86.Build.0 = Debug|x86
		{E4A42E9E-36C4-4689-A8E1-DDC23B615F88}.Release|Any CPU.ActiveCfg = Release|x86
		{E4A42E9E-36C4-4689-A8E1-DDC23B615F88}.Release|Mixed Platforms.ActiveCfg = Release|x86
		{E4A42E9E-36C4-4689-A8E1-DDC23B615F88}.Release|x86.ActiveCfg = Release|x86
		{E4A42E9E-36C4-4689-A8E1-DDC23B615F88}.Release|x86.Build.0 = Release|x86
		{8305C06F-DDD3-4E5E-BB41-F45E4C84D0B9}.Debug|Any CPU.ActiveCfg = Debug|Any CPU
		{8305C06F-DDD3-4E5E-BB41-F45E4C84D0B9}.Debug|Any CPU.Build.0 = Debug|Any CPU
		{8305C06F-DDD3-4E5E-BB41-F45E4C84D0B9}.Debug|Mixed Platforms.ActiveCfg = Debug|Any CPU
		{8305C06F-DDD3-4E5E-BB41-F45E4C84D0B9}.Debug|x86.ActiveCfg = Debug|Any CPU
		{8305C06F-DDD3-4E5E-BB41-F45E4C84D0B9}.Release|Any CPU.ActiveCfg = Release|Any CPU
		{8305C06F-DDD3-4E5E-BB41-F45E4C84D0B9}.Release|Any CPU.Build.0 = Release|Any CPU
		{8305C06F-DDD3-4E5E-BB41-F45E4C84D0B9}.Release|Mixed Platforms.ActiveCfg = Release|Any CPU
		{8305C06F-DDD3-4E5E-BB41-F45E4C84D0B9}.Release|x86.ActiveCfg = Release|Any CPU
		{F6942585-3CC8-4F77-B252-2C07154467B3}.Debug|Any CPU.ActiveCfg = Debug|Any CPU
		{F6942585-3CC8-4F77-B252-2C07154467B3}.Debug|Any CPU.Build.0 = Debug|Any CPU
		{F6942585-3CC8-4F77-B252-2C07154467B3}.Debug|Mixed Platforms.ActiveCfg = Debug|Any CPU
		{F6942585-3CC8-4F77-B252-2C07154467B3}.Debug|x86.ActiveCfg = Debug|Any CPU
		{F6942585-3CC8-4F77-B252-2C07154467B3}.Release|Any CPU.ActiveCfg = Release|Any CPU
		{F6942585-3CC8-4F77-B252-2C07154467B3}.Release|Any CPU.Build.0 = Release|Any CPU
		{F6942585-3CC8-4F77-B252-2C07154467B3}.Release|Mixed Platforms.ActiveCfg = Release|Any CPU
		{F6942585-3CC8-4F77-B252-2C07154467B3}.Release|x86.ActiveCfg = Release|Any CPU
		{4C94BAD4-35CD-4444-B1A5-56FA4B1B2115}.Debug|Any CPU.ActiveCfg = Debug|Any CPU
		{4C94BAD4-35CD-4444-B1A5-56FA4B1B2115}.Debug|Any CPU.Build.0 = Debug|Any CPU
		{4C94BAD4-35CD-4444-B1A5-56FA4B1B2115}.Debug|Mixed Platforms.ActiveCfg = Debug|Any CPU
		{4C94BAD4-35CD-4444-B1A5-56FA4B1B2115}.Debug|x86.ActiveCfg = Debug|Any CPU
		{4C94BAD4-35CD-4444-B1A5-56FA4B1B2115}.Release|Any CPU.ActiveCfg = Release|Any CPU
		{4C94BAD4-35CD-4444-B1A5-56FA4B1B2115}.Release|Any CPU.Build.0 = Release|Any CPU
		{4C94BAD4-35CD-4444-B1A5-56FA4B1B2115}.Release|Mixed Platforms.ActiveCfg = Release|Any CPU
		{4C94BAD4-35CD-4444-B1A5-56FA4B1B2115}.Release|x86.ActiveCfg = Release|Any CPU
		{D5444EB4-FEB9-4318-9900-2EB0E75E7BF4}.Debug|Any CPU.ActiveCfg = Debug|Any CPU
		{D5444EB4-FEB9-4318-9900-2EB0E75E7BF4}.Debug|Any CPU.Build.0 = Debug|Any CPU
		{D5444EB4-FEB9-4318-9900-2EB0E75E7BF4}.Debug|Any CPU.Deploy.0 = Debug|Any CPU
		{D5444EB4-FEB9-4318-9900-2EB0E75E7BF4}.Debug|Mixed Platforms.ActiveCfg = Debug|Any CPU
		{D5444EB4-FEB9-4318-9900-2EB0E75E7BF4}.Debug|x86.ActiveCfg = Debug|Any CPU
		{D5444EB4-FEB9-4318-9900-2EB0E75E7BF4}.Release|Any CPU.ActiveCfg = Release|Any CPU
		{D5444EB4-FEB9-4318-9900-2EB0E75E7BF4}.Release|Any CPU.Build.0 = Release|Any CPU
		{D5444EB4-FEB9-4318-9900-2EB0E75E7BF4}.Release|Any CPU.Deploy.0 = Release|Any CPU
		{D5444EB4-FEB9-4318-9900-2EB0E75E7BF4}.Release|Mixed Platforms.ActiveCfg = Release|Any CPU
		{D5444EB4-FEB9-4318-9900-2EB0E75E7BF4}.Release|x86.ActiveCfg = Release|Any CPU
		{16CCCC0F-D9F8-434B-BE4D-E44DEBCF36D1}.Debug|Any CPU.ActiveCfg = Debug|Any CPU
		{16CCCC0F-D9F8-434B-BE4D-E44DEBCF36D1}.Debug|Any CPU.Build.0 = Debug|Any CPU
		{16CCCC0F-D9F8-434B-BE4D-E44DEBCF36D1}.Debug|Mixed Platforms.ActiveCfg = Debug|Any CPU
		{16CCCC0F-D9F8-434B-BE4D-E44DEBCF36D1}.Debug|x86.ActiveCfg = Debug|Any CPU
		{16CCCC0F-D9F8-434B-BE4D-E44DEBCF36D1}.Release|Any CPU.ActiveCfg = Release|Any CPU
		{16CCCC0F-D9F8-434B-BE4D-E44DEBCF36D1}.Release|Any CPU.Build.0 = Release|Any CPU
		{16CCCC0F-D9F8-434B-BE4D-E44DEBCF36D1}.Release|Mixed Platforms.ActiveCfg = Release|Any CPU
		{16CCCC0F-D9F8-434B-BE4D-E44DEBCF36D1}.Release|Mixed Platforms.Build.0 = Release|Any CPU
		{16CCCC0F-D9F8-434B-BE4D-E44DEBCF36D1}.Release|x86.ActiveCfg = Release|Any CPU
		{F8E3E350-C94F-4EDE-BC86-5BB580284541}.Debug|Any CPU.ActiveCfg = Debug|Any CPU
		{F8E3E350-C94F-4EDE-BC86-5BB580284541}.Debug|Any CPU.Build.0 = Debug|Any CPU
		{F8E3E350-C94F-4EDE-BC86-5BB580284541}.Debug|Any CPU.Deploy.0 = Debug|Any CPU
		{F8E3E350-C94F-4EDE-BC86-5BB580284541}.Debug|Mixed Platforms.ActiveCfg = Debug|Any CPU
		{F8E3E350-C94F-4EDE-BC86-5BB580284541}.Debug|x86.ActiveCfg = Debug|Any CPU
		{F8E3E350-C94F-4EDE-BC86-5BB580284541}.Release|Any CPU.ActiveCfg = Release|Any CPU
		{F8E3E350-C94F-4EDE-BC86-5BB580284541}.Release|Any CPU.Build.0 = Release|Any CPU
		{F8E3E350-C94F-4EDE-BC86-5BB580284541}.Release|Any CPU.Deploy.0 = Release|Any CPU
		{F8E3E350-C94F-4EDE-BC86-5BB580284541}.Release|Mixed Platforms.ActiveCfg = Release|Any CPU
		{F8E3E350-C94F-4EDE-BC86-5BB580284541}.Release|x86.ActiveCfg = Release|Any CPU
		{BB9932E5-2FBF-42DD-BE77-22F418214D79}.Debug|Any CPU.ActiveCfg = Debug|Any CPU
		{BB9932E5-2FBF-42DD-BE77-22F418214D79}.Debug|Any CPU.Build.0 = Debug|Any CPU
		{BB9932E5-2FBF-42DD-BE77-22F418214D79}.Debug|Any CPU.Deploy.0 = Debug|Any CPU
		{BB9932E5-2FBF-42DD-BE77-22F418214D79}.Debug|Mixed Platforms.ActiveCfg = Debug|Any CPU
		{BB9932E5-2FBF-42DD-BE77-22F418214D79}.Debug|x86.ActiveCfg = Debug|Any CPU
		{BB9932E5-2FBF-42DD-BE77-22F418214D79}.Release|Any CPU.ActiveCfg = Release|Any CPU
		{BB9932E5-2FBF-42DD-BE77-22F418214D79}.Release|Any CPU.Build.0 = Release|Any CPU
		{BB9932E5-2FBF-42DD-BE77-22F418214D79}.Release|Any CPU.Deploy.0 = Release|Any CPU
		{BB9932E5-2FBF-42DD-BE77-22F418214D79}.Release|Mixed Platforms.ActiveCfg = Release|Any CPU
		{BB9932E5-2FBF-42DD-BE77-22F418214D79}.Release|x86.ActiveCfg = Release|Any CPU
		{4C0FC297-92F4-4573-9615-643574F602AC}.Debug|Any CPU.ActiveCfg = Debug|Any CPU
		{4C0FC297-92F4-4573-9615-643574F602AC}.Debug|Any CPU.Build.0 = Debug|Any CPU
		{4C0FC297-92F4-4573-9615-643574F602AC}.Debug|Any CPU.Deploy.0 = Debug|Any CPU
		{4C0FC297-92F4-4573-9615-643574F602AC}.Debug|Mixed Platforms.ActiveCfg = Debug|Any CPU
		{4C0FC297-92F4-4573-9615-643574F602AC}.Debug|x86.ActiveCfg = Debug|Any CPU
		{4C0FC297-92F4-4573-9615-643574F602AC}.Release|Any CPU.ActiveCfg = Release|Any CPU
		{4C0FC297-92F4-4573-9615-643574F602AC}.Release|Any CPU.Build.0 = Release|Any CPU
		{4C0FC297-92F4-4573-9615-643574F602AC}.Release|Any CPU.Deploy.0 = Release|Any CPU
		{4C0FC297-92F4-4573-9615-643574F602AC}.Release|Mixed Platforms.ActiveCfg = Release|Any CPU
		{4C0FC297-92F4-4573-9615-643574F602AC}.Release|x86.ActiveCfg = Release|Any CPU
		{628E4BB0-B229-4AF0-9FBF-0CC28D90C51A}.Debug|Any CPU.ActiveCfg = Debug|Any CPU
		{628E4BB0-B229-4AF0-9FBF-0CC28D90C51A}.Debug|Any CPU.Build.0 = Debug|Any CPU
		{628E4BB0-B229-4AF0-9FBF-0CC28D90C51A}.Debug|Mixed Platforms.ActiveCfg = Debug|Any CPU
		{628E4BB0-B229-4AF0-9FBF-0CC28D90C51A}.Debug|x86.ActiveCfg = Debug|Any CPU
		{628E4BB0-B229-4AF0-9FBF-0CC28D90C51A}.Release|Any CPU.ActiveCfg = Release|Any CPU
		{628E4BB0-B229-4AF0-9FBF-0CC28D90C51A}.Release|Any CPU.Build.0 = Release|Any CPU
		{628E4BB0-B229-4AF0-9FBF-0CC28D90C51A}.Release|Mixed Platforms.ActiveCfg = Release|Any CPU
		{628E4BB0-B229-4AF0-9FBF-0CC28D90C51A}.Release|x86.ActiveCfg = Release|Any CPU
		{D7B89582-7621-4CD9-832F-2AB40C27FDF2}.Debug|Any CPU.ActiveCfg = Debug|Any CPU
		{D7B89582-7621-4CD9-832F-2AB40C27FDF2}.Debug|Any CPU.Build.0 = Debug|Any CPU
		{D7B89582-7621-4CD9-832F-2AB40C27FDF2}.Debug|Mixed Platforms.ActiveCfg = Debug|Any CPU
		{D7B89582-7621-4CD9-832F-2AB40C27FDF2}.Debug|x86.ActiveCfg = Debug|Any CPU
		{D7B89582-7621-4CD9-832F-2AB40C27FDF2}.Release|Any CPU.ActiveCfg = Release|Any CPU
		{D7B89582-7621-4CD9-832F-2AB40C27FDF2}.Release|Any CPU.Build.0 = Release|Any CPU
		{D7B89582-7621-4CD9-832F-2AB40C27FDF2}.Release|Mixed Platforms.ActiveCfg = Release|Any CPU
		{D7B89582-7621-4CD9-832F-2AB40C27FDF2}.Release|x86.ActiveCfg = Release|Any CPU
		{4EFB2A69-7B60-43DF-AC32-ED7AEE909D49}.Debug|Any CPU.ActiveCfg = Debug|Any CPU
		{4EFB2A69-7B60-43DF-AC32-ED7AEE909D49}.Debug|Any CPU.Build.0 = Debug|Any CPU
		{4EFB2A69-7B60-43DF-AC32-ED7AEE909D49}.Debug|Any CPU.Deploy.0 = Debug|Any CPU
		{4EFB2A69-7B60-43DF-AC32-ED7AEE909D49}.Debug|Mixed Platforms.ActiveCfg = Debug|Any CPU
		{4EFB2A69-7B60-43DF-AC32-ED7AEE909D49}.Debug|x86.ActiveCfg = Debug|Any CPU
		{4EFB2A69-7B60-43DF-AC32-ED7AEE909D49}.Release|Any CPU.ActiveCfg = Release|Any CPU
		{4EFB2A69-7B60-43DF-AC32-ED7AEE909D49}.Release|Any CPU.Build.0 = Release|Any CPU
		{4EFB2A69-7B60-43DF-AC32-ED7AEE909D49}.Release|Any CPU.Deploy.0 = Release|Any CPU
		{4EFB2A69-7B60-43DF-AC32-ED7AEE909D49}.Release|Mixed Platforms.ActiveCfg = Release|Any CPU
		{4EFB2A69-7B60-43DF-AC32-ED7AEE909D49}.Release|Mixed Platforms.Build.0 = Release|Any CPU
		{4EFB2A69-7B60-43DF-AC32-ED7AEE909D49}.Release|Mixed Platforms.Deploy.0 = Release|Any CPU
		{4EFB2A69-7B60-43DF-AC32-ED7AEE909D49}.Release|x86.ActiveCfg = Release|Any CPU
		{56D99971-B560-4CDB-A1BE-A661DEBC76AC}.Debug|Any CPU.ActiveCfg = Debug|Any CPU
		{56D99971-B560-4CDB-A1BE-A661DEBC76AC}.Debug|Any CPU.Build.0 = Debug|Any CPU
		{56D99971-B560-4CDB-A1BE-A661DEBC76AC}.Debug|Any CPU.Deploy.0 = Debug|Any CPU
		{56D99971-B560-4CDB-A1BE-A661DEBC76AC}.Debug|Mixed Platforms.ActiveCfg = Debug|Any CPU
		{56D99971-B560-4CDB-A1BE-A661DEBC76AC}.Debug|x86.ActiveCfg = Debug|Any CPU
		{56D99971-B560-4CDB-A1BE-A661DEBC76AC}.Release|Any CPU.ActiveCfg = Release|Any CPU
		{56D99971-B560-4CDB-A1BE-A661DEBC76AC}.Release|Any CPU.Build.0 = Release|Any CPU
		{56D99971-B560-4CDB-A1BE-A661DEBC76AC}.Release|Any CPU.Deploy.0 = Release|Any CPU
		{56D99971-B560-4CDB-A1BE-A661DEBC76AC}.Release|Mixed Platforms.ActiveCfg = Release|Any CPU
		{56D99971-B560-4CDB-A1BE-A661DEBC76AC}.Release|Mixed Platforms.Build.0 = Release|Any CPU
		{56D99971-B560-4CDB-A1BE-A661DEBC76AC}.Release|Mixed Platforms.Deploy.0 = Release|Any CPU
		{56D99971-B560-4CDB-A1BE-A661DEBC76AC}.Release|x86.ActiveCfg = Release|Any CPU
		{6E3599EE-16A9-480C-B446-09D63F7ED601}.Debug|Any CPU.ActiveCfg = Debug|Any CPU
		{6E3599EE-16A9-480C-B446-09D63F7ED601}.Debug|Any CPU.Build.0 = Debug|Any CPU
		{6E3599EE-16A9-480C-B446-09D63F7ED601}.Debug|Any CPU.Deploy.0 = Debug|Any CPU
		{6E3599EE-16A9-480C-B446-09D63F7ED601}.Debug|Mixed Platforms.ActiveCfg = Debug|Any CPU
		{6E3599EE-16A9-480C-B446-09D63F7ED601}.Debug|x86.ActiveCfg = Debug|Any CPU
		{6E3599EE-16A9-480C-B446-09D63F7ED601}.Release|Any CPU.ActiveCfg = Release|Any CPU
		{6E3599EE-16A9-480C-B446-09D63F7ED601}.Release|Any CPU.Build.0 = Release|Any CPU
		{6E3599EE-16A9-480C-B446-09D63F7ED601}.Release|Any CPU.Deploy.0 = Release|Any CPU
		{6E3599EE-16A9-480C-B446-09D63F7ED601}.Release|Mixed Platforms.ActiveCfg = Release|Any CPU
		{6E3599EE-16A9-480C-B446-09D63F7ED601}.Release|Mixed Platforms.Build.0 = Release|Any CPU
		{6E3599EE-16A9-480C-B446-09D63F7ED601}.Release|Mixed Platforms.Deploy.0 = Release|Any CPU
		{6E3599EE-16A9-480C-B446-09D63F7ED601}.Release|x86.ActiveCfg = Release|Any CPU
		{5F18505E-5732-4F5E-829B-026BEA0CB7DB}.Debug|Any CPU.ActiveCfg = Debug|Any CPU
		{5F18505E-5732-4F5E-829B-026BEA0CB7DB}.Debug|Any CPU.Build.0 = Debug|Any CPU
		{5F18505E-5732-4F5E-829B-026BEA0CB7DB}.Debug|Any CPU.Deploy.0 = Debug|Any CPU
		{5F18505E-5732-4F5E-829B-026BEA0CB7DB}.Debug|Mixed Platforms.ActiveCfg = Debug|Any CPU
		{5F18505E-5732-4F5E-829B-026BEA0CB7DB}.Debug|x86.ActiveCfg = Debug|Any CPU
		{5F18505E-5732-4F5E-829B-026BEA0CB7DB}.Release|Any CPU.ActiveCfg = Release|Any CPU
		{5F18505E-5732-4F5E-829B-026BEA0CB7DB}.Release|Any CPU.Build.0 = Release|Any CPU
		{5F18505E-5732-4F5E-829B-026BEA0CB7DB}.Release|Any CPU.Deploy.0 = Release|Any CPU
		{5F18505E-5732-4F5E-829B-026BEA0CB7DB}.Release|Mixed Platforms.ActiveCfg = Release|Any CPU
		{5F18505E-5732-4F5E-829B-026BEA0CB7DB}.Release|Mixed Platforms.Build.0 = Release|Any CPU
		{5F18505E-5732-4F5E-829B-026BEA0CB7DB}.Release|Mixed Platforms.Deploy.0 = Release|Any CPU
		{5F18505E-5732-4F5E-829B-026BEA0CB7DB}.Release|x86.ActiveCfg = Release|Any CPU
		{4755B835-F0FF-445B-97D6-6A6EA9DF31E2}.Debug|Any CPU.ActiveCfg = Debug|Any CPU
		{4755B835-F0FF-445B-97D6-6A6EA9DF31E2}.Debug|Any CPU.Build.0 = Debug|Any CPU
		{4755B835-F0FF-445B-97D6-6A6EA9DF31E2}.Debug|Any CPU.Deploy.0 = Debug|Any CPU
		{4755B835-F0FF-445B-97D6-6A6EA9DF31E2}.Debug|Mixed Platforms.ActiveCfg = Debug|Any CPU
		{4755B835-F0FF-445B-97D6-6A6EA9DF31E2}.Debug|x86.ActiveCfg = Debug|Any CPU
		{4755B835-F0FF-445B-97D6-6A6EA9DF31E2}.Release|Any CPU.ActiveCfg = Release|Any CPU
		{4755B835-F0FF-445B-97D6-6A6EA9DF31E2}.Release|Any CPU.Build.0 = Release|Any CPU
		{4755B835-F0FF-445B-97D6-6A6EA9DF31E2}.Release|Any CPU.Deploy.0 = Release|Any CPU
		{4755B835-F0FF-445B-97D6-6A6EA9DF31E2}.Release|Mixed Platforms.ActiveCfg = Release|Any CPU
		{4755B835-F0FF-445B-97D6-6A6EA9DF31E2}.Release|Mixed Platforms.Build.0 = Release|Any CPU
		{4755B835-F0FF-445B-97D6-6A6EA9DF31E2}.Release|Mixed Platforms.Deploy.0 = Release|Any CPU
		{4755B835-F0FF-445B-97D6-6A6EA9DF31E2}.Release|x86.ActiveCfg = Release|Any CPU
		{D5353131-6860-4E59-B4E3-928B82E51D6D}.Debug|Any CPU.ActiveCfg = Debug|Any CPU
		{D5353131-6860-4E59-B4E3-928B82E51D6D}.Debug|Any CPU.Build.0 = Debug|Any CPU
		{D5353131-6860-4E59-B4E3-928B82E51D6D}.Debug|Any CPU.Deploy.0 = Debug|Any CPU
		{D5353131-6860-4E59-B4E3-928B82E51D6D}.Debug|Mixed Platforms.ActiveCfg = Debug|Any CPU
		{D5353131-6860-4E59-B4E3-928B82E51D6D}.Debug|x86.ActiveCfg = Debug|Any CPU
		{D5353131-6860-4E59-B4E3-928B82E51D6D}.Release|Any CPU.ActiveCfg = Release|Any CPU
		{D5353131-6860-4E59-B4E3-928B82E51D6D}.Release|Any CPU.Build.0 = Release|Any CPU
		{D5353131-6860-4E59-B4E3-928B82E51D6D}.Release|Any CPU.Deploy.0 = Release|Any CPU
		{D5353131-6860-4E59-B4E3-928B82E51D6D}.Release|Mixed Platforms.ActiveCfg = Release|Any CPU
		{D5353131-6860-4E59-B4E3-928B82E51D6D}.Release|Mixed Platforms.Build.0 = Release|Any CPU
		{D5353131-6860-4E59-B4E3-928B82E51D6D}.Release|Mixed Platforms.Deploy.0 = Release|Any CPU
		{D5353131-6860-4E59-B4E3-928B82E51D6D}.Release|x86.ActiveCfg = Release|Any CPU
		{F50472BB-45D0-4AFF-A1E2-D905A25EAE00}.Debug|Any CPU.ActiveCfg = Debug|Any CPU
		{F50472BB-45D0-4AFF-A1E2-D905A25EAE00}.Debug|Any CPU.Build.0 = Debug|Any CPU
		{F50472BB-45D0-4AFF-A1E2-D905A25EAE00}.Debug|Any CPU.Deploy.0 = Debug|Any CPU
		{F50472BB-45D0-4AFF-A1E2-D905A25EAE00}.Debug|Mixed Platforms.ActiveCfg = Debug|Any CPU
		{F50472BB-45D0-4AFF-A1E2-D905A25EAE00}.Debug|x86.ActiveCfg = Debug|Any CPU
		{F50472BB-45D0-4AFF-A1E2-D905A25EAE00}.Release|Any CPU.ActiveCfg = Release|Any CPU
		{F50472BB-45D0-4AFF-A1E2-D905A25EAE00}.Release|Any CPU.Build.0 = Release|Any CPU
		{F50472BB-45D0-4AFF-A1E2-D905A25EAE00}.Release|Any CPU.Deploy.0 = Release|Any CPU
		{F50472BB-45D0-4AFF-A1E2-D905A25EAE00}.Release|Mixed Platforms.ActiveCfg = Release|Any CPU
		{F50472BB-45D0-4AFF-A1E2-D905A25EAE00}.Release|Mixed Platforms.Build.0 = Release|Any CPU
		{F50472BB-45D0-4AFF-A1E2-D905A25EAE00}.Release|Mixed Platforms.Deploy.0 = Release|Any CPU
		{F50472BB-45D0-4AFF-A1E2-D905A25EAE00}.Release|x86.ActiveCfg = Release|Any CPU
		{7C3BF798-D723-4A52-89FC-323C49747F4A}.Debug|Any CPU.ActiveCfg = Debug|Any CPU
		{7C3BF798-D723-4A52-89FC-323C49747F4A}.Debug|Any CPU.Build.0 = Debug|Any CPU
		{7C3BF798-D723-4A52-89FC-323C49747F4A}.Debug|Any CPU.Deploy.0 = Debug|Any CPU
		{7C3BF798-D723-4A52-89FC-323C49747F4A}.Debug|Mixed Platforms.ActiveCfg = Debug|Any CPU
		{7C3BF798-D723-4A52-89FC-323C49747F4A}.Debug|x86.ActiveCfg = Debug|Any CPU
		{7C3BF798-D723-4A52-89FC-323C49747F4A}.Release|Any CPU.ActiveCfg = Release|Any CPU
		{7C3BF798-D723-4A52-89FC-323C49747F4A}.Release|Any CPU.Build.0 = Release|Any CPU
		{7C3BF798-D723-4A52-89FC-323C49747F4A}.Release|Any CPU.Deploy.0 = Release|Any CPU
		{7C3BF798-D723-4A52-89FC-323C49747F4A}.Release|Mixed Platforms.ActiveCfg = Release|Any CPU
		{7C3BF798-D723-4A52-89FC-323C49747F4A}.Release|Mixed Platforms.Build.0 = Release|Any CPU
		{7C3BF798-D723-4A52-89FC-323C49747F4A}.Release|Mixed Platforms.Deploy.0 = Release|Any CPU
		{7C3BF798-D723-4A52-89FC-323C49747F4A}.Release|x86.ActiveCfg = Release|Any CPU
		{FEA7E962-EFE0-4DB8-B758-9A059128615F}.Debug|Any CPU.ActiveCfg = Debug|Any CPU
		{FEA7E962-EFE0-4DB8-B758-9A059128615F}.Debug|Any CPU.Build.0 = Debug|Any CPU
		{FEA7E962-EFE0-4DB8-B758-9A059128615F}.Debug|Mixed Platforms.ActiveCfg = Debug|Any CPU
		{FEA7E962-EFE0-4DB8-B758-9A059128615F}.Debug|Mixed Platforms.Build.0 = Debug|Any CPU
		{FEA7E962-EFE0-4DB8-B758-9A059128615F}.Debug|x86.ActiveCfg = Debug|Any CPU
		{FEA7E962-EFE0-4DB8-B758-9A059128615F}.Release|Any CPU.ActiveCfg = Release|Any CPU
		{FEA7E962-EFE0-4DB8-B758-9A059128615F}.Release|Any CPU.Build.0 = Release|Any CPU
		{FEA7E962-EFE0-4DB8-B758-9A059128615F}.Release|Mixed Platforms.ActiveCfg = Release|Any CPU
		{FEA7E962-EFE0-4DB8-B758-9A059128615F}.Release|Mixed Platforms.Build.0 = Release|Any CPU
		{FEA7E962-EFE0-4DB8-B758-9A059128615F}.Release|x86.ActiveCfg = Release|Any CPU
		{169D7AD6-AA7B-4617-B689-EF12FC476DBF}.Debug|Any CPU.ActiveCfg = Debug|Any CPU
		{169D7AD6-AA7B-4617-B689-EF12FC476DBF}.Debug|Any CPU.Build.0 = Debug|Any CPU
		{169D7AD6-AA7B-4617-B689-EF12FC476DBF}.Debug|Mixed Platforms.ActiveCfg = Debug|Any CPU
		{169D7AD6-AA7B-4617-B689-EF12FC476DBF}.Debug|Mixed Platforms.Build.0 = Debug|Any CPU
		{169D7AD6-AA7B-4617-B689-EF12FC476DBF}.Debug|x86.ActiveCfg = Debug|Any CPU
		{169D7AD6-AA7B-4617-B689-EF12FC476DBF}.Release|Any CPU.ActiveCfg = Release|Any CPU
		{169D7AD6-AA7B-4617-B689-EF12FC476DBF}.Release|Any CPU.Build.0 = Release|Any CPU
		{169D7AD6-AA7B-4617-B689-EF12FC476DBF}.Release|Mixed Platforms.ActiveCfg = Release|Any CPU
		{169D7AD6-AA7B-4617-B689-EF12FC476DBF}.Release|Mixed Platforms.Build.0 = Release|Any CPU
		{169D7AD6-AA7B-4617-B689-EF12FC476DBF}.Release|x86.ActiveCfg = Release|Any CPU
		{916D5ABF-7BDC-45D0-92D9-7F1A66019129}.Debug|Any CPU.ActiveCfg = Debug|Any CPU
		{916D5ABF-7BDC-45D0-92D9-7F1A66019129}.Debug|Any CPU.Build.0 = Debug|Any CPU
		{916D5ABF-7BDC-45D0-92D9-7F1A66019129}.Debug|Any CPU.Deploy.0 = Debug|Any CPU
		{916D5ABF-7BDC-45D0-92D9-7F1A66019129}.Debug|Mixed Platforms.ActiveCfg = Debug|Any CPU
		{916D5ABF-7BDC-45D0-92D9-7F1A66019129}.Debug|Mixed Platforms.Build.0 = Debug|Any CPU
		{916D5ABF-7BDC-45D0-92D9-7F1A66019129}.Debug|Mixed Platforms.Deploy.0 = Debug|Any CPU
		{916D5ABF-7BDC-45D0-92D9-7F1A66019129}.Debug|x86.ActiveCfg = Debug|Any CPU
		{916D5ABF-7BDC-45D0-92D9-7F1A66019129}.Release|Any CPU.ActiveCfg = Release|Any CPU
		{916D5ABF-7BDC-45D0-92D9-7F1A66019129}.Release|Any CPU.Build.0 = Release|Any CPU
		{916D5ABF-7BDC-45D0-92D9-7F1A66019129}.Release|Any CPU.Deploy.0 = Release|Any CPU
		{916D5ABF-7BDC-45D0-92D9-7F1A66019129}.Release|Mixed Platforms.ActiveCfg = Release|Any CPU
		{916D5ABF-7BDC-45D0-92D9-7F1A66019129}.Release|Mixed Platforms.Build.0 = Release|Any CPU
		{916D5ABF-7BDC-45D0-92D9-7F1A66019129}.Release|Mixed Platforms.Deploy.0 = Release|Any CPU
		{916D5ABF-7BDC-45D0-92D9-7F1A66019129}.Release|x86.ActiveCfg = Release|Any CPU
	EndGlobalSection
	GlobalSection(SolutionProperties) = preSolution
		HideSolutionNode = FALSE
	EndGlobalSection
	GlobalSection(NestedProjects) = preSolution
		{9876D225-E5FF-4985-93B2-A553E7B677ED} = {7992954D-D418-45E2-B87A-D77B59F6582D}
		{87F6ED83-33FD-4BA7-A41D-4424AB63FE68} = {7992954D-D418-45E2-B87A-D77B59F6582D}
		{FEA7E962-EFE0-4DB8-B758-9A059128615F} = {7992954D-D418-45E2-B87A-D77B59F6582D}
		{169D7AD6-AA7B-4617-B689-EF12FC476DBF} = {7992954D-D418-45E2-B87A-D77B59F6582D}
		{89B20193-2CE4-4E67-A675-3278747F6BD5} = {5759A86F-BB68-4834-8CF7-E9C3FFEEC35C}
		{D5444EB4-FEB9-4318-9900-2EB0E75E7BF4} = {5759A86F-BB68-4834-8CF7-E9C3FFEEC35C}
		{F8E3E350-C94F-4EDE-BC86-5BB580284541} = {5759A86F-BB68-4834-8CF7-E9C3FFEEC35C}
		{BB9932E5-2FBF-42DD-BE77-22F418214D79} = {5759A86F-BB68-4834-8CF7-E9C3FFEEC35C}
		{4C0FC297-92F4-4573-9615-643574F602AC} = {5759A86F-BB68-4834-8CF7-E9C3FFEEC35C}
		{4EFB2A69-7B60-43DF-AC32-ED7AEE909D49} = {5759A86F-BB68-4834-8CF7-E9C3FFEEC35C}
		{56D99971-B560-4CDB-A1BE-A661DEBC76AC} = {5759A86F-BB68-4834-8CF7-E9C3FFEEC35C}
		{6E3599EE-16A9-480C-B446-09D63F7ED601} = {5759A86F-BB68-4834-8CF7-E9C3FFEEC35C}
		{5F18505E-5732-4F5E-829B-026BEA0CB7DB} = {5759A86F-BB68-4834-8CF7-E9C3FFEEC35C}
		{4755B835-F0FF-445B-97D6-6A6EA9DF31E2} = {5759A86F-BB68-4834-8CF7-E9C3FFEEC35C}
		{D5353131-6860-4E59-B4E3-928B82E51D6D} = {5759A86F-BB68-4834-8CF7-E9C3FFEEC35C}
		{F50472BB-45D0-4AFF-A1E2-D905A25EAE00} = {5759A86F-BB68-4834-8CF7-E9C3FFEEC35C}
		{7C3BF798-D723-4A52-89FC-323C49747F4A} = {5759A86F-BB68-4834-8CF7-E9C3FFEEC35C}
		{19CFD393-E03F-4A16-8D12-8943198F6B8F} = {5759A86F-BB68-4834-8CF7-E9C3FFEEC35C}
		{916D5ABF-7BDC-45D0-92D9-7F1A66019129} = {5759A86F-BB68-4834-8CF7-E9C3FFEEC35C}
	EndGlobalSection
EndGlobal
